schema=semaprax.private-desktop-toolchain.v1
rust.version=1.97.1
rust.commit=8bab26f4f-2026-07-14
rust.llvm=22.1.6
macos.host=arm64
macos.clang.version=21.0.0
macos.clang.build=2100.1.1.101
macos.ld.project=ld-1267
macos.ld.build-version=1267.0
macos.sdk.version=26.5
macos.sdk.build=25F70
macos.deployment-target=11.0
macos.provider.install-id=@rpath/SemapraxPrivateProvider.dylib
macos.uuid=sha256-zeroed-lc-uuid-prefix16
macos.signature=adhoc-fixed-id-semaprax.private.desktop.v1
macos.signed-bundle-reproducibility=two-independent-signed-app-bundles-byte-equal
windows.host=x86_64
windows.clang.version=20.1.8
windows.vswhere.version=3.1.7.39155
windows.visual-studio.major=18
windows.msvc.tools.version=14.51.36231
windows.link.version=14.51.36256.0
windows.sdk.version=10.0.26100.0
windows.provider.libraries=libcmt.lib,libvcruntime.lib,libucrt.lib,oldnames.lib,ucrt.lib,kernel32.lib
windows.ui.libraries=libcmt.lib,libvcruntime.lib,libucrt.lib,oldnames.lib,ucrt.lib,kernel32.lib,user32.lib,oleacc.lib,ole32.lib,oleaut32.lib,shell32.lib,uuid.lib,bcrypt.lib
provider.optimization=-O2
macos.package=CFBundlePackageType-APPL
windows.package=portable-PE-with-external-manifest
network=forbidden-cargo-offline
distribution-signing=not-performed
reproducibility=two-independent-target-directories-byte-equal
