schema = "semaprax.ri-14.stable-rust-lowering.v1"
source_revision = "21b3d7ecabee1df106c9a73e63b6e6128214a0d2"
rustc_release = "1.98.0"
rustc_commit = "88d9e12ae178fab0fb5cc050a94da85685d449ea"
rustc_commit_date = "2026-08-18"
host = "aarch64-apple-darwin"
llvm_version = "22.1.8"
distribution = "Homebrew rust 1.98.0 local observation"
panic_strategy = "unwind"
