# This file is automatically @generated by Cargo.
# It is not intended for manual editing.
version = 4

[[package]]
name = "missing-vendor"
version = "0.1.0"
source = "registry+https://github.com/rust-lang/crates.io-index"
checksum = "0000000000000000000000000000000000000000000000000000000000000000"

[[package]]
name = "semaprax-ri02-missing-vendor-fixture"
version = "0.0.0"
dependencies = [
 "missing-vendor",
]
